
Microsoft Visual Studio Solution File, Format Version 12.00
# Visual Studio Version 17
VisualStudioVersion = 17.1.32421.90
MinimumVisualStudioVersion = 10.0.40219.1
Project("{2150E333-8FDC-42A3-9474-1A3956D46DE8}") = "App", "App", "{6825922B-0278-421B-A9A4-DADC4A8A2335}"
EndProject
Project("{2150E333-8FDC-42A3-9474-1A3956D46DE8}") = "Core", "Core", "{0658681D-E8AC-41FE-8EEC-C2BBD53EC6BE}"
EndProject
Project("{2150E333-8FDC-42A3-9474-1A3956D46DE8}") = "Common", "Common", "{C4601404-3933-41F4-906C-AD48E3B7D397}"
EndProject
Project("{9A19103F-16F7-4668-BE54-9A1E7A4F7556}") = "Utils", "Common\Utils\Utils.csproj", "{AB4E0909-0DF3-4368-9298-B6C1A1E14172}"
EndProject
Project("{9A19103F-16F7-4668-BE54-9A1E7A4F7556}") = "MI.Dal", "Core\IDal\MI.Dal.csproj", "{42D80BD4-29F4-4E63-A12C-B22B6172F9F6}"
EndProject
Project("{9A19103F-16F7-4668-BE54-9A1E7A4F7556}") = "MI.Entity", "Core\IEntity\MI.Entity.csproj", "{25D38869-C68E-4009-B418-FDDF2E2D722B}"
EndProject
Project("{9A19103F-16F7-4668-BE54-9A1E7A4F7556}") = "MI.Bo", "Core\IBo\MI.Bo.csproj", "{689A2BA5-B387-4117-B908-114B28ADC080}"
EndProject
Project("{9A19103F-16F7-4668-BE54-9A1E7A4F7556}") = "JanHome.CMS", "App\JanHome.CMS\JanHome.CMS.csproj", "{5EB0B045-B0A8-47A2-B264-7FD333CE7D68}"
EndProject
Project("{9A19103F-16F7-4668-BE54-9A1E7A4F7556}") = "JanHome.Web", "Web\JanHome.Web\JanHome.Web.csproj", "{7F871F90-D82D-4FCC-8745-14FC85A4C416}"
EndProject
Project("{2150E333-8FDC-42A3-9474-1A3956D46DE8}") = "Dapper", "Dapper", "{7E43A94C-3999-4A8A-811F-FB72C0114A22}"
EndProject
Project("{9A19103F-16F7-4668-BE54-9A1E7A4F7556}") = "MI.Dapper.Data", "MI.Dapper.Data\MI.Dapper.Data.csproj", "{FEBB79F7-1839-488D-87F6-D2FFF5FC6343}"
EndProject
Project("{9A19103F-16F7-4668-BE54-9A1E7A4F7556}") = "MI.Cache", "Core\MI.Cache\MI.Cache.csproj", "{1FA2E13D-B4D6-4186-8E37-31F3F51CD2E4}"
EndProject
Project("{9A19103F-16F7-4668-BE54-9A1E7A4F7556}") = "MI.ES", "MI.ES\MI.ES.csproj", "{DDE52619-843C-4692-8C95-87EC9647ECCA}"
EndProject
Project("{9A19103F-16F7-4668-BE54-9A1E7A4F7556}") = "MI.Service", "MI.Service\MI.Service.csproj", "{E3F3EC33-01DB-4125-9386-A906BED50AE9}"
EndProject
Project("{FAE04EC0-301F-11D3-BF4B-00C04F79EFBC}") = "Service", "Service\Service.csproj", "{30AE91A7-CF3D-4440-92BD-6F5239FB6680}"
EndProject
Project("{2150E333-8FDC-42A3-9474-1A3956D46DE8}") = "ClonedProject", "ClonedProject", "{5CBD8BED-587E-4698-A2CA-116D947841EF}"
EndProject
Project("{9A19103F-16F7-4668-BE54-9A1E7A4F7556}") = "Mi.MemoryCache", "Mi.MemoryCache\Mi.MemoryCache.csproj", "{4AD451F6-BC90-433A-A5E7-C276218AE39F}"
EndProject
Project("{2150E333-8FDC-42A3-9474-1A3956D46DE8}") = "MiMenu", "MiMenu", "{2243E042-398E-4A73-8893-28E87FE91815}"
EndProject
Project("{2150E333-8FDC-42A3-9474-1A3956D46DE8}") = "CMS", "CMS", "{8F2F16ED-823E-47DA-98C6-D176F1CC2067}"
EndProject
Project("{2150E333-8FDC-42A3-9474-1A3956D46DE8}") = "Web", "Web", "{58E3F79C-24FC-4AF6-8997-96683C67CBCC}"
EndProject
Project("{9A19103F-16F7-4668-BE54-9A1E7A4F7556}") = "MiMenu.CMS", "MiMenu\CMS\MiMenu.CMS\MiMenu.CMS.csproj", "{0E9E3686-C71F-44FC-A98B-06A6A39C1CD5}"
EndProject
Project("{9A19103F-16F7-4668-BE54-9A1E7A4F7556}") = "TemplateKAO", "MiMenu\Web\TemplateKAO\TemplateKAO.csproj", "{DF7AA593-5A06-4D90-B90F-6F7594A926FC}"
EndProject
Project("{2150E333-8FDC-42A3-9474-1A3956D46DE8}") = "DiDongXanh", "DiDongXanh", "{873E4D02-8366-4128-A783-CE4EE4D24AB9}"
EndProject
Project("{9A19103F-16F7-4668-BE54-9A1E7A4F7556}") = "DiDongXanh_Web", "Web\DiDongXanh\DiDongXanh_Web\DiDongXanh_Web.csproj", "{CF4D7681-9091-4BC1-8876-5A5DFFCE493E}"
EndProject
Project("{9A19103F-16F7-4668-BE54-9A1E7A4F7556}") = "DiDongXanh_CMS", "Web\DiDongXanh\DiDongXanh_CMS\DiDongXanh_CMS.csproj", "{51567805-6631-4FE6-A276-7094B5925A93}"
EndProject
Project("{2150E333-8FDC-42A3-9474-1A3956D46DE8}") = "TopTenTravel", "TopTenTravel", "{4179AC7D-0AEB-4694-A51B-4EB419A80215}"
EndProject
Project("{9A19103F-16F7-4668-BE54-9A1E7A4F7556}") = "TopTenTravel_Web", "Web\TopTenTravel\Web\TopTenTravel_Web\TopTenTravel_Web.csproj", "{17739321-679A-4198-8479-2749AFDEA4C1}"
EndProject
Project("{9A19103F-16F7-4668-BE54-9A1E7A4F7556}") = "TopTenTravel_CMS", "Web\TopTenTravel\CMS\TopTenTravel_CMS.csproj", "{3E6BDBD6-4AD9-4742-93D9-84D0F40B040F}"
EndProject
Project("{2150E333-8FDC-42A3-9474-1A3956D46DE8}") = "Tools", "Tools", "{5BF9F1FE-8E27-4DF5-9C1A-D5119D3E8293}"
EndProject
Project("{9A19103F-16F7-4668-BE54-9A1E7A4F7556}") = "Converter", "Tools\Converter\Converter.csproj", "{54854D66-59EB-499B-828C-3AFD17F2E357}"
EndProject
Project("{2150E333-8FDC-42A3-9474-1A3956D46DE8}") = "TCGC", "TCGC", "{2CE8B670-A9EC-46BD-802E-6900B113E25C}"
EndProject
Project("{9A19103F-16F7-4668-BE54-9A1E7A4F7556}") = "TCGC_Web", "Web\TCGC\TCGC_Web\TCGC_Web.csproj", "{60313D91-6BD2-4FE1-83DE-CD30A529561D}"
EndProject
Project("{9A19103F-16F7-4668-BE54-9A1E7A4F7556}") = "TCGC_CMS", "Web\TCGC\TCGC_CMS\TCGC_CMS\TCGC_CMS.csproj", "{F6BDDDEC-3D1B-4552-B584-1C7CA02D5D7C}"
EndProject
Project("{9A19103F-16F7-4668-BE54-9A1E7A4F7556}") = "ToolDuyetBai", "Web\TCGC\TCGC_TOOL\ToolDuyetBai\ToolDuyetBai.csproj", "{B29CF85F-1F19-425F-895B-F6508B992BE8}"
EndProject
Project("{2150E333-8FDC-42A3-9474-1A3956D46DE8}") = "NeoLithL", "NeoLithL", "{D6C814AE-8BA6-4C02-9948-94FE665AA262}"
EndProject
Project("{9A19103F-16F7-4668-BE54-9A1E7A4F7556}") = "NeoLithL", "Web\NeoLithL\NeoLithL\NeoLithL.csproj", "{832FA5C8-ED6D-4884-9EBC-F557A4482319}"
EndProject
Project("{9A19103F-16F7-4668-BE54-9A1E7A4F7556}") = "NeoLithLCMS", "Web\NeoLithL\NeoLithLCMS\NeoLithLCMS.csproj", "{F51F4F0C-641A-40B1-AD36-251F5DDA7D5B}"
EndProject
Project("{2150E333-8FDC-42A3-9474-1A3956D46DE8}") = "IQSchool", "IQSchool", "{B790BD4C-C148-4570-99B3-667C985573B7}"
EndProject
Project("{9A19103F-16F7-4668-BE54-9A1E7A4F7556}") = "IQSchool", "Web\IQSchool\IQSchool\IQSchool.csproj", "{2EEC59C9-2127-48F9-AEA1-9760409CECFA}"
EndProject
Project("{9A19103F-16F7-4668-BE54-9A1E7A4F7556}") = "IQSchool_CMS", "Web\IQSchool\New folder\IQSchool_CMS\IQSchool_CMS.csproj", "{DEC741DD-48EC-4818-8B19-6FBFA8A37919}"
EndProject
Project("{2150E333-8FDC-42A3-9474-1A3956D46DE8}") = "Way2Go", "Way2Go", "{A24419CA-7445-4D9A-8C06-CB2EC46F7638}"
EndProject
Project("{2150E333-8FDC-42A3-9474-1A3956D46DE8}") = "CMS", "CMS", "{367C9C84-668C-4949-AB58-029CC9891D59}"
EndProject
Project("{2150E333-8FDC-42A3-9474-1A3956D46DE8}") = "WEB", "WEB", "{C66EEB43-7504-46F8-95F8-49AB2A04B706}"
EndProject
Project("{9A19103F-16F7-4668-BE54-9A1E7A4F7556}") = "Way2GoCMS", "Web\Way2Go\CMS\Way2GoCMS\Way2GoCMS.csproj", "{218740C1-4353-4549-B9EF-47CAE4044698}"
EndProject
Project("{9A19103F-16F7-4668-BE54-9A1E7A4F7556}") = "Way2GoWEB", "Web\Way2Go\WEB\Way2GoWEB\Way2GoWEB.csproj", "{8DA55D05-DBE1-48F9-9979-2A0E06465EFA}"
EndProject
Project("{2150E333-8FDC-42A3-9474-1A3956D46DE8}") = "Evisa", "Evisa", "{6135B596-ED98-4F82-995B-394F6CB3176E}"
EndProject
Project("{2150E333-8FDC-42A3-9474-1A3956D46DE8}") = "CMS", "CMS", "{429B275C-F7B2-470D-9A31-0FA7480A759A}"
EndProject
Project("{2150E333-8FDC-42A3-9474-1A3956D46DE8}") = "WEB", "WEB", "{642CBC6B-E85A-430A-9975-4F2327801BEC}"
EndProject
Project("{9A19103F-16F7-4668-BE54-9A1E7A4F7556}") = "EvisaWeb", "Web\Evisa\WEB\EvisaWeb\EvisaWeb.csproj", "{29DA1FEB-84C4-44D1-9292-E9D0071BE55C}"
EndProject
Project("{9A19103F-16F7-4668-BE54-9A1E7A4F7556}") = "EvisaCMS", "Web\Evisa\CMS\EvisaCMS\EvisaCMS.csproj", "{C5BAE940-5F4C-410D-8E47-6E9B7BF73409}"
EndProject
Project("{2150E333-8FDC-42A3-9474-1A3956D46DE8}") = "PlatformAPI", "PlatformAPI", "{DBCB4864-4CE7-49D4-A8D2-E48601EEE187}"
EndProject
Project("{2150E333-8FDC-42A3-9474-1A3956D46DE8}") = "WEB-API", "WEB-API", "{48ABE1AD-89BB-440A-9386-5B0275398EBD}"
EndProject
Project("{2150E333-8FDC-42A3-9474-1A3956D46DE8}") = "CMS", "CMS", "{C8B7C49D-419F-451D-9BB3-FC2B60185A57}"
EndProject
Project("{FAE04EC0-301F-11D3-BF4B-00C04F79EFBC}") = "PlatformCMS", "Web\Platform\CMS\PlatformCMS\PlatformCMS.csproj", "{3C14E220-D042-4987-8762-D999343E9008}"
EndProject
Global
	GlobalSection(SolutionConfigurationPlatforms) = preSolution
		Debug|Any CPU = Debug|Any CPU
		Release|Any CPU = Release|Any CPU
	EndGlobalSection
	GlobalSection(ProjectConfigurationPlatforms) = postSolution
		{AB4E0909-0DF3-4368-9298-B6C1A1E14172}.Debug|Any CPU.ActiveCfg = Debug|Any CPU
		{AB4E0909-0DF3-4368-9298-B6C1A1E14172}.Debug|Any CPU.Build.0 = Debug|Any CPU
		{AB4E0909-0DF3-4368-9298-B6C1A1E14172}.Release|Any CPU.ActiveCfg = Release|Any CPU
		{AB4E0909-0DF3-4368-9298-B6C1A1E14172}.Release|Any CPU.Build.0 = Release|Any CPU
		{42D80BD4-29F4-4E63-A12C-B22B6172F9F6}.Debug|Any CPU.ActiveCfg = Debug|Any CPU
		{42D80BD4-29F4-4E63-A12C-B22B6172F9F6}.Debug|Any CPU.Build.0 = Debug|Any CPU
		{42D80BD4-29F4-4E63-A12C-B22B6172F9F6}.Release|Any CPU.ActiveCfg = Release|Any CPU
		{42D80BD4-29F4-4E63-A12C-B22B6172F9F6}.Release|Any CPU.Build.0 = Release|Any CPU
		{25D38869-C68E-4009-B418-FDDF2E2D722B}.Debug|Any CPU.ActiveCfg = Debug|Any CPU
		{25D38869-C68E-4009-B418-FDDF2E2D722B}.Debug|Any CPU.Build.0 = Debug|Any CPU
		{25D38869-C68E-4009-B418-FDDF2E2D722B}.Release|Any CPU.ActiveCfg = Release|Any CPU
		{25D38869-C68E-4009-B418-FDDF2E2D722B}.Release|Any CPU.Build.0 = Release|Any CPU
		{689A2BA5-B387-4117-B908-114B28ADC080}.Debug|Any CPU.ActiveCfg = Debug|Any CPU
		{689A2BA5-B387-4117-B908-114B28ADC080}.Debug|Any CPU.Build.0 = Debug|Any CPU
		{689A2BA5-B387-4117-B908-114B28ADC080}.Release|Any CPU.ActiveCfg = Release|Any CPU
		{689A2BA5-B387-4117-B908-114B28ADC080}.Release|Any CPU.Build.0 = Release|Any CPU
		{5EB0B045-B0A8-47A2-B264-7FD333CE7D68}.Debug|Any CPU.ActiveCfg = Debug|Any CPU
		{5EB0B045-B0A8-47A2-B264-7FD333CE7D68}.Debug|Any CPU.Build.0 = Debug|Any CPU
		{5EB0B045-B0A8-47A2-B264-7FD333CE7D68}.Release|Any CPU.ActiveCfg = Release|Any CPU
		{5EB0B045-B0A8-47A2-B264-7FD333CE7D68}.Release|Any CPU.Build.0 = Release|Any CPU
		{7F871F90-D82D-4FCC-8745-14FC85A4C416}.Debug|Any CPU.ActiveCfg = Debug|Any CPU
		{7F871F90-D82D-4FCC-8745-14FC85A4C416}.Debug|Any CPU.Build.0 = Debug|Any CPU
		{7F871F90-D82D-4FCC-8745-14FC85A4C416}.Release|Any CPU.ActiveCfg = Release|Any CPU
		{7F871F90-D82D-4FCC-8745-14FC85A4C416}.Release|Any CPU.Build.0 = Release|Any CPU
		{FEBB79F7-1839-488D-87F6-D2FFF5FC6343}.Debug|Any CPU.ActiveCfg = Debug|Any CPU
		{FEBB79F7-1839-488D-87F6-D2FFF5FC6343}.Debug|Any CPU.Build.0 = Debug|Any CPU
		{FEBB79F7-1839-488D-87F6-D2FFF5FC6343}.Release|Any CPU.ActiveCfg = Release|Any CPU
		{FEBB79F7-1839-488D-87F6-D2FFF5FC6343}.Release|Any CPU.Build.0 = Release|Any CPU
		{1FA2E13D-B4D6-4186-8E37-31F3F51CD2E4}.Debug|Any CPU.ActiveCfg = Debug|Any CPU
		{1FA2E13D-B4D6-4186-8E37-31F3F51CD2E4}.Debug|Any CPU.Build.0 = Debug|Any CPU
		{1FA2E13D-B4D6-4186-8E37-31F3F51CD2E4}.Release|Any CPU.ActiveCfg = Release|Any CPU
		{1FA2E13D-B4D6-4186-8E37-31F3F51CD2E4}.Release|Any CPU.Build.0 = Release|Any CPU
		{DDE52619-843C-4692-8C95-87EC9647ECCA}.Debug|Any CPU.ActiveCfg = Debug|Any CPU
		{DDE52619-843C-4692-8C95-87EC9647ECCA}.Debug|Any CPU.Build.0 = Debug|Any CPU
		{DDE52619-843C-4692-8C95-87EC9647ECCA}.Release|Any CPU.ActiveCfg = Release|Any CPU
		{DDE52619-843C-4692-8C95-87EC9647ECCA}.Release|Any CPU.Build.0 = Release|Any CPU
		{E3F3EC33-01DB-4125-9386-A906BED50AE9}.Debug|Any CPU.ActiveCfg = Debug|Any CPU
		{E3F3EC33-01DB-4125-9386-A906BED50AE9}.Debug|Any CPU.Build.0 = Debug|Any CPU
		{E3F3EC33-01DB-4125-9386-A906BED50AE9}.Release|Any CPU.ActiveCfg = Release|Any CPU
		{E3F3EC33-01DB-4125-9386-A906BED50AE9}.Release|Any CPU.Build.0 = Release|Any CPU
		{30AE91A7-CF3D-4440-92BD-6F5239FB6680}.Debug|Any CPU.ActiveCfg = Debug|Any CPU
		{30AE91A7-CF3D-4440-92BD-6F5239FB6680}.Debug|Any CPU.Build.0 = Debug|Any CPU
		{30AE91A7-CF3D-4440-92BD-6F5239FB6680}.Release|Any CPU.ActiveCfg = Release|Any CPU
		{30AE91A7-CF3D-4440-92BD-6F5239FB6680}.Release|Any CPU.Build.0 = Release|Any CPU
		{4AD451F6-BC90-433A-A5E7-C276218AE39F}.Debug|Any CPU.ActiveCfg = Debug|Any CPU
		{4AD451F6-BC90-433A-A5E7-C276218AE39F}.Debug|Any CPU.Build.0 = Debug|Any CPU
		{4AD451F6-BC90-433A-A5E7-C276218AE39F}.Release|Any CPU.ActiveCfg = Release|Any CPU
		{4AD451F6-BC90-433A-A5E7-C276218AE39F}.Release|Any CPU.Build.0 = Release|Any CPU
		{0E9E3686-C71F-44FC-A98B-06A6A39C1CD5}.Debug|Any CPU.ActiveCfg = Debug|Any CPU
		{0E9E3686-C71F-44FC-A98B-06A6A39C1CD5}.Debug|Any CPU.Build.0 = Debug|Any CPU
		{0E9E3686-C71F-44FC-A98B-06A6A39C1CD5}.Release|Any CPU.ActiveCfg = Release|Any CPU
		{0E9E3686-C71F-44FC-A98B-06A6A39C1CD5}.Release|Any CPU.Build.0 = Release|Any CPU
		{DF7AA593-5A06-4D90-B90F-6F7594A926FC}.Debug|Any CPU.ActiveCfg = Debug|Any CPU
		{DF7AA593-5A06-4D90-B90F-6F7594A926FC}.Debug|Any CPU.Build.0 = Debug|Any CPU
		{DF7AA593-5A06-4D90-B90F-6F7594A926FC}.Release|Any CPU.ActiveCfg = Release|Any CPU
		{DF7AA593-5A06-4D90-B90F-6F7594A926FC}.Release|Any CPU.Build.0 = Release|Any CPU
		{CF4D7681-9091-4BC1-8876-5A5DFFCE493E}.Debug|Any CPU.ActiveCfg = Debug|Any CPU
		{CF4D7681-9091-4BC1-8876-5A5DFFCE493E}.Debug|Any CPU.Build.0 = Debug|Any CPU
		{CF4D7681-9091-4BC1-8876-5A5DFFCE493E}.Release|Any CPU.ActiveCfg = Release|Any CPU
		{CF4D7681-9091-4BC1-8876-5A5DFFCE493E}.Release|Any CPU.Build.0 = Release|Any CPU
		{51567805-6631-4FE6-A276-7094B5925A93}.Debug|Any CPU.ActiveCfg = Debug|Any CPU
		{51567805-6631-4FE6-A276-7094B5925A93}.Debug|Any CPU.Build.0 = Debug|Any CPU
		{51567805-6631-4FE6-A276-7094B5925A93}.Release|Any CPU.ActiveCfg = Release|Any CPU
		{51567805-6631-4FE6-A276-7094B5925A93}.Release|Any CPU.Build.0 = Release|Any CPU
		{17739321-679A-4198-8479-2749AFDEA4C1}.Debug|Any CPU.ActiveCfg = Debug|Any CPU
		{17739321-679A-4198-8479-2749AFDEA4C1}.Debug|Any CPU.Build.0 = Debug|Any CPU
		{17739321-679A-4198-8479-2749AFDEA4C1}.Release|Any CPU.ActiveCfg = Release|Any CPU
		{17739321-679A-4198-8479-2749AFDEA4C1}.Release|Any CPU.Build.0 = Release|Any CPU
		{3E6BDBD6-4AD9-4742-93D9-84D0F40B040F}.Debug|Any CPU.ActiveCfg = Debug|Any CPU
		{3E6BDBD6-4AD9-4742-93D9-84D0F40B040F}.Debug|Any CPU.Build.0 = Debug|Any CPU
		{3E6BDBD6-4AD9-4742-93D9-84D0F40B040F}.Release|Any CPU.ActiveCfg = Release|Any CPU
		{3E6BDBD6-4AD9-4742-93D9-84D0F40B040F}.Release|Any CPU.Build.0 = Release|Any CPU
		{54854D66-59EB-499B-828C-3AFD17F2E357}.Debug|Any CPU.ActiveCfg = Debug|Any CPU
		{54854D66-59EB-499B-828C-3AFD17F2E357}.Debug|Any CPU.Build.0 = Debug|Any CPU
		{54854D66-59EB-499B-828C-3AFD17F2E357}.Release|Any CPU.ActiveCfg = Release|Any CPU
		{54854D66-59EB-499B-828C-3AFD17F2E357}.Release|Any CPU.Build.0 = Release|Any CPU
		{60313D91-6BD2-4FE1-83DE-CD30A529561D}.Debug|Any CPU.ActiveCfg = Debug|Any CPU
		{60313D91-6BD2-4FE1-83DE-CD30A529561D}.Debug|Any CPU.Build.0 = Debug|Any CPU
		{60313D91-6BD2-4FE1-83DE-CD30A529561D}.Release|Any CPU.ActiveCfg = Release|Any CPU
		{60313D91-6BD2-4FE1-83DE-CD30A529561D}.Release|Any CPU.Build.0 = Release|Any CPU
		{F6BDDDEC-3D1B-4552-B584-1C7CA02D5D7C}.Debug|Any CPU.ActiveCfg = Debug|Any CPU
		{F6BDDDEC-3D1B-4552-B584-1C7CA02D5D7C}.Debug|Any CPU.Build.0 = Debug|Any CPU
		{F6BDDDEC-3D1B-4552-B584-1C7CA02D5D7C}.Release|Any CPU.ActiveCfg = Release|Any CPU
		{F6BDDDEC-3D1B-4552-B584-1C7CA02D5D7C}.Release|Any CPU.Build.0 = Release|Any CPU
		{B29CF85F-1F19-425F-895B-F6508B992BE8}.Debug|Any CPU.ActiveCfg = Debug|Any CPU
		{B29CF85F-1F19-425F-895B-F6508B992BE8}.Debug|Any CPU.Build.0 = Debug|Any CPU
		{B29CF85F-1F19-425F-895B-F6508B992BE8}.Release|Any CPU.ActiveCfg = Release|Any CPU
		{B29CF85F-1F19-425F-895B-F6508B992BE8}.Release|Any CPU.Build.0 = Release|Any CPU
		{832FA5C8-ED6D-4884-9EBC-F557A4482319}.Debug|Any CPU.ActiveCfg = Debug|Any CPU
		{832FA5C8-ED6D-4884-9EBC-F557A4482319}.Debug|Any CPU.Build.0 = Debug|Any CPU
		{832FA5C8-ED6D-4884-9EBC-F557A4482319}.Release|Any CPU.ActiveCfg = Release|Any CPU
		{832FA5C8-ED6D-4884-9EBC-F557A4482319}.Release|Any CPU.Build.0 = Release|Any CPU
		{F51F4F0C-641A-40B1-AD36-251F5DDA7D5B}.Debug|Any CPU.ActiveCfg = Debug|Any CPU
		{F51F4F0C-641A-40B1-AD36-251F5DDA7D5B}.Debug|Any CPU.Build.0 = Debug|Any CPU
		{F51F4F0C-641A-40B1-AD36-251F5DDA7D5B}.Release|Any CPU.ActiveCfg = Release|Any CPU
		{F51F4F0C-641A-40B1-AD36-251F5DDA7D5B}.Release|Any CPU.Build.0 = Release|Any CPU
		{2EEC59C9-2127-48F9-AEA1-9760409CECFA}.Debug|Any CPU.ActiveCfg = Debug|Any CPU
		{2EEC59C9-2127-48F9-AEA1-9760409CECFA}.Debug|Any CPU.Build.0 = Debug|Any CPU
		{2EEC59C9-2127-48F9-AEA1-9760409CECFA}.Release|Any CPU.ActiveCfg = Release|Any CPU
		{2EEC59C9-2127-48F9-AEA1-9760409CECFA}.Release|Any CPU.Build.0 = Release|Any CPU
		{DEC741DD-48EC-4818-8B19-6FBFA8A37919}.Debug|Any CPU.ActiveCfg = Debug|Any CPU
		{DEC741DD-48EC-4818-8B19-6FBFA8A37919}.Debug|Any CPU.Build.0 = Debug|Any CPU
		{DEC741DD-48EC-4818-8B19-6FBFA8A37919}.Release|Any CPU.ActiveCfg = Release|Any CPU
		{DEC741DD-48EC-4818-8B19-6FBFA8A37919}.Release|Any CPU.Build.0 = Release|Any CPU
		{218740C1-4353-4549-B9EF-47CAE4044698}.Debug|Any CPU.ActiveCfg = Debug|Any CPU
		{218740C1-4353-4549-B9EF-47CAE4044698}.Debug|Any CPU.Build.0 = Debug|Any CPU
		{218740C1-4353-4549-B9EF-47CAE4044698}.Release|Any CPU.ActiveCfg = Release|Any CPU
		{218740C1-4353-4549-B9EF-47CAE4044698}.Release|Any CPU.Build.0 = Release|Any CPU
		{8DA55D05-DBE1-48F9-9979-2A0E06465EFA}.Debug|Any CPU.ActiveCfg = Debug|Any CPU
		{8DA55D05-DBE1-48F9-9979-2A0E06465EFA}.Debug|Any CPU.Build.0 = Debug|Any CPU
		{8DA55D05-DBE1-48F9-9979-2A0E06465EFA}.Release|Any CPU.ActiveCfg = Release|Any CPU
		{8DA55D05-DBE1-48F9-9979-2A0E06465EFA}.Release|Any CPU.Build.0 = Release|Any CPU
		{29DA1FEB-84C4-44D1-9292-E9D0071BE55C}.Debug|Any CPU.ActiveCfg = Debug|Any CPU
		{29DA1FEB-84C4-44D1-9292-E9D0071BE55C}.Debug|Any CPU.Build.0 = Debug|Any CPU
		{29DA1FEB-84C4-44D1-9292-E9D0071BE55C}.Release|Any CPU.ActiveCfg = Release|Any CPU
		{29DA1FEB-84C4-44D1-9292-E9D0071BE55C}.Release|Any CPU.Build.0 = Release|Any CPU
		{C5BAE940-5F4C-410D-8E47-6E9B7BF73409}.Debug|Any CPU.ActiveCfg = Debug|Any CPU
		{C5BAE940-5F4C-410D-8E47-6E9B7BF73409}.Debug|Any CPU.Build.0 = Debug|Any CPU
		{C5BAE940-5F4C-410D-8E47-6E9B7BF73409}.Release|Any CPU.ActiveCfg = Release|Any CPU
		{C5BAE940-5F4C-410D-8E47-6E9B7BF73409}.Release|Any CPU.Build.0 = Release|Any CPU
		{3C14E220-D042-4987-8762-D999343E9008}.Debug|Any CPU.ActiveCfg = Debug|Any CPU
		{3C14E220-D042-4987-8762-D999343E9008}.Debug|Any CPU.Build.0 = Debug|Any CPU
		{3C14E220-D042-4987-8762-D999343E9008}.Release|Any CPU.ActiveCfg = Release|Any CPU
		{3C14E220-D042-4987-8762-D999343E9008}.Release|Any CPU.Build.0 = Release|Any CPU
	EndGlobalSection
	GlobalSection(SolutionProperties) = preSolution
		HideSolutionNode = FALSE
	EndGlobalSection
	GlobalSection(NestedProjects) = preSolution
		{AB4E0909-0DF3-4368-9298-B6C1A1E14172} = {C4601404-3933-41F4-906C-AD48E3B7D397}
		{42D80BD4-29F4-4E63-A12C-B22B6172F9F6} = {0658681D-E8AC-41FE-8EEC-C2BBD53EC6BE}
		{25D38869-C68E-4009-B418-FDDF2E2D722B} = {0658681D-E8AC-41FE-8EEC-C2BBD53EC6BE}
		{689A2BA5-B387-4117-B908-114B28ADC080} = {0658681D-E8AC-41FE-8EEC-C2BBD53EC6BE}
		{FEBB79F7-1839-488D-87F6-D2FFF5FC6343} = {7E43A94C-3999-4A8A-811F-FB72C0114A22}
		{1FA2E13D-B4D6-4186-8E37-31F3F51CD2E4} = {0658681D-E8AC-41FE-8EEC-C2BBD53EC6BE}
		{DDE52619-843C-4692-8C95-87EC9647ECCA} = {0658681D-E8AC-41FE-8EEC-C2BBD53EC6BE}
		{E3F3EC33-01DB-4125-9386-A906BED50AE9} = {0658681D-E8AC-41FE-8EEC-C2BBD53EC6BE}
		{4AD451F6-BC90-433A-A5E7-C276218AE39F} = {0658681D-E8AC-41FE-8EEC-C2BBD53EC6BE}
		{8F2F16ED-823E-47DA-98C6-D176F1CC2067} = {2243E042-398E-4A73-8893-28E87FE91815}
		{58E3F79C-24FC-4AF6-8997-96683C67CBCC} = {2243E042-398E-4A73-8893-28E87FE91815}
		{0E9E3686-C71F-44FC-A98B-06A6A39C1CD5} = {8F2F16ED-823E-47DA-98C6-D176F1CC2067}
		{DF7AA593-5A06-4D90-B90F-6F7594A926FC} = {58E3F79C-24FC-4AF6-8997-96683C67CBCC}
		{873E4D02-8366-4128-A783-CE4EE4D24AB9} = {5CBD8BED-587E-4698-A2CA-116D947841EF}
		{CF4D7681-9091-4BC1-8876-5A5DFFCE493E} = {873E4D02-8366-4128-A783-CE4EE4D24AB9}
		{51567805-6631-4FE6-A276-7094B5925A93} = {873E4D02-8366-4128-A783-CE4EE4D24AB9}
		{4179AC7D-0AEB-4694-A51B-4EB419A80215} = {5CBD8BED-587E-4698-A2CA-116D947841EF}
		{17739321-679A-4198-8479-2749AFDEA4C1} = {4179AC7D-0AEB-4694-A51B-4EB419A80215}
		{3E6BDBD6-4AD9-4742-93D9-84D0F40B040F} = {4179AC7D-0AEB-4694-A51B-4EB419A80215}
		{54854D66-59EB-499B-828C-3AFD17F2E357} = {5BF9F1FE-8E27-4DF5-9C1A-D5119D3E8293}
		{2CE8B670-A9EC-46BD-802E-6900B113E25C} = {5CBD8BED-587E-4698-A2CA-116D947841EF}
		{60313D91-6BD2-4FE1-83DE-CD30A529561D} = {2CE8B670-A9EC-46BD-802E-6900B113E25C}
		{F6BDDDEC-3D1B-4552-B584-1C7CA02D5D7C} = {2CE8B670-A9EC-46BD-802E-6900B113E25C}
		{B29CF85F-1F19-425F-895B-F6508B992BE8} = {2CE8B670-A9EC-46BD-802E-6900B113E25C}
		{D6C814AE-8BA6-4C02-9948-94FE665AA262} = {5CBD8BED-587E-4698-A2CA-116D947841EF}
		{832FA5C8-ED6D-4884-9EBC-F557A4482319} = {D6C814AE-8BA6-4C02-9948-94FE665AA262}
		{F51F4F0C-641A-40B1-AD36-251F5DDA7D5B} = {D6C814AE-8BA6-4C02-9948-94FE665AA262}
		{B790BD4C-C148-4570-99B3-667C985573B7} = {5CBD8BED-587E-4698-A2CA-116D947841EF}
		{2EEC59C9-2127-48F9-AEA1-9760409CECFA} = {B790BD4C-C148-4570-99B3-667C985573B7}
		{DEC741DD-48EC-4818-8B19-6FBFA8A37919} = {B790BD4C-C148-4570-99B3-667C985573B7}
		{A24419CA-7445-4D9A-8C06-CB2EC46F7638} = {5CBD8BED-587E-4698-A2CA-116D947841EF}
		{367C9C84-668C-4949-AB58-029CC9891D59} = {A24419CA-7445-4D9A-8C06-CB2EC46F7638}
		{C66EEB43-7504-46F8-95F8-49AB2A04B706} = {A24419CA-7445-4D9A-8C06-CB2EC46F7638}
		{218740C1-4353-4549-B9EF-47CAE4044698} = {367C9C84-668C-4949-AB58-029CC9891D59}
		{8DA55D05-DBE1-48F9-9979-2A0E06465EFA} = {C66EEB43-7504-46F8-95F8-49AB2A04B706}
		{6135B596-ED98-4F82-995B-394F6CB3176E} = {5CBD8BED-587E-4698-A2CA-116D947841EF}
		{429B275C-F7B2-470D-9A31-0FA7480A759A} = {6135B596-ED98-4F82-995B-394F6CB3176E}
		{642CBC6B-E85A-430A-9975-4F2327801BEC} = {6135B596-ED98-4F82-995B-394F6CB3176E}
		{29DA1FEB-84C4-44D1-9292-E9D0071BE55C} = {642CBC6B-E85A-430A-9975-4F2327801BEC}
		{C5BAE940-5F4C-410D-8E47-6E9B7BF73409} = {429B275C-F7B2-470D-9A31-0FA7480A759A}
		{DBCB4864-4CE7-49D4-A8D2-E48601EEE187} = {5CBD8BED-587E-4698-A2CA-116D947841EF}
		{48ABE1AD-89BB-440A-9386-5B0275398EBD} = {DBCB4864-4CE7-49D4-A8D2-E48601EEE187}
		{C8B7C49D-419F-451D-9BB3-FC2B60185A57} = {DBCB4864-4CE7-49D4-A8D2-E48601EEE187}
		{3C14E220-D042-4987-8762-D999343E9008} = {C8B7C49D-419F-451D-9BB3-FC2B60185A57}
	EndGlobalSection
	GlobalSection(ExtensibilityGlobals) = postSolution
		SolutionGuid = {6DECAE54-A20F-4D31-9FC3-348332CEFDD1}
	EndGlobalSection
EndGlobal
