
Microsoft Visual Studio Solution File, Format Version 12.00
# Visual Studio Version 17
VisualStudioVersion = 17.1.32421.90
MinimumVisualStudioVersion = 10.0.40219.1
Project("{2150E333-8FDC-42A3-9474-1A3956D46DE8}") = "App", "App", "{6825922B-0278-421B-A9A4-DADC4A8A2335}"
EndProject
Project("{2150E333-8FDC-42A3-9474-1A3956D46DE8}") = "Core", "Core", "{0658681D-E8AC-41FE-8EEC-C2BBD53EC6BE}"
EndProject
Project("{2150E333-8FDC-42A3-9474-1A3956D46DE8}") = "Common", "Common", "{C4601404-3933-41F4-906C-AD48E3B7D397}"
EndProject
Project("{9A19103F-16F7-4668-BE54-9A1E7A4F7556}") = "Utils", "Common\Utils\Utils.csproj", "{AB4E0909-0DF3-4368-9298-B6C1A1E14172}"
EndProject
Project("{9A19103F-16F7-4668-BE54-9A1E7A4F7556}") = "MI.Dal", "Core\IDal\MI.Dal.csproj", "{42D80BD4-29F4-4E63-A12C-B22B6172F9F6}"
EndProject
Project("{9A19103F-16F7-4668-BE54-9A1E7A4F7556}") = "MI.Entity", "Core\IEntity\MI.Entity.csproj", "{25D38869-C68E-4009-B418-FDDF2E2D722B}"
EndProject
Project("{9A19103F-16F7-4668-BE54-9A1E7A4F7556}") = "MI.Bo", "Core\IBo\MI.Bo.csproj", "{689A2BA5-B387-4117-B908-114B28ADC080}"
EndProject
Project("{2150E333-8FDC-42A3-9474-1A3956D46DE8}") = "Dapper", "Dapper", "{7E43A94C-3999-4A8A-811F-FB72C0114A22}"
EndProject
Project("{9A19103F-16F7-4668-BE54-9A1E7A4F7556}") = "MI.Dapper.Data", "MI.Dapper.Data\MI.Dapper.Data.csproj", "{FEBB79F7-1839-488D-87F6-D2FFF5FC6343}"
EndProject
Project("{9A19103F-16F7-4668-BE54-9A1E7A4F7556}") = "MI.Cache", "Core\MI.Cache\MI.Cache.csproj", "{1FA2E13D-B4D6-4186-8E37-31F3F51CD2E4}"
EndProject
Project("{9A19103F-16F7-4668-BE54-9A1E7A4F7556}") = "MI.ES", "MI.ES\MI.ES.csproj", "{DDE52619-843C-4692-8C95-87EC9647ECCA}"
EndProject
Project("{9A19103F-16F7-4668-BE54-9A1E7A4F7556}") = "MI.Service", "MI.Service\MI.Service.csproj", "{E3F3EC33-01DB-4125-9386-A906BED50AE9}"
EndProject
Project("{FAE04EC0-301F-11D3-BF4B-00C04F79EFBC}") = "Service", "Service\Service.csproj", "{30AE91A7-CF3D-4440-92BD-6F5239FB6680}"
EndProject
Project("{2150E333-8FDC-42A3-9474-1A3956D46DE8}") = "ClonedProject", "ClonedProject", "{5CBD8BED-587E-4698-A2CA-116D947841EF}"
EndProject
Project("{9A19103F-16F7-4668-BE54-9A1E7A4F7556}") = "Mi.MemoryCache", "Mi.MemoryCache\Mi.MemoryCache.csproj", "{4AD451F6-BC90-433A-A5E7-C276218AE39F}"
EndProject
Project("{2150E333-8FDC-42A3-9474-1A3956D46DE8}") = "Tools", "Tools", "{5BF9F1FE-8E27-4DF5-9C1A-D5119D3E8293}"
EndProject
Project("{9A19103F-16F7-4668-BE54-9A1E7A4F7556}") = "Converter", "Tools\Converter\Converter.csproj", "{54854D66-59EB-499B-828C-3AFD17F2E357}"
EndProject
Project("{2150E333-8FDC-42A3-9474-1A3956D46DE8}") = "PlatformAPI", "PlatformAPI", "{DBCB4864-4CE7-49D4-A8D2-E48601EEE187}"
EndProject
Project("{2150E333-8FDC-42A3-9474-1A3956D46DE8}") = "WEB-API", "WEB-API", "{48ABE1AD-89BB-440A-9386-5B0275398EBD}"
EndProject
Project("{2150E333-8FDC-42A3-9474-1A3956D46DE8}") = "CMS", "CMS", "{C8B7C49D-419F-451D-9BB3-FC2B60185A57}"
EndProject
Project("{9A19103F-16F7-4668-BE54-9A1E7A4F7556}") = "PlatformCMS", "Web\Platform\CMS\PlatformCMS\PlatformCMS.csproj", "{3C14E220-D042-4987-8762-D999343E9008}"
EndProject
Project("{9A19103F-16F7-4668-BE54-9A1E7A4F7556}") = "PlatformWEBAPI", "Web\Platform\WEBAPI\PlatformWEBAPI\PlatformWEBAPI.csproj", "{3DC55B69-A5E7-4C34-9C4A-F2980E6EE54B}"
EndProject
Global
	GlobalSection(SolutionConfigurationPlatforms) = preSolution
		Debug|Any CPU = Debug|Any CPU
		Release|Any CPU = Release|Any CPU
	EndGlobalSection
	GlobalSection(ProjectConfigurationPlatforms) = postSolution
		{AB4E0909-0DF3-4368-9298-B6C1A1E14172}.Debug|Any CPU.ActiveCfg = Debug|Any CPU
		{AB4E0909-0DF3-4368-9298-B6C1A1E14172}.Debug|Any CPU.Build.0 = Debug|Any CPU
		{AB4E0909-0DF3-4368-9298-B6C1A1E14172}.Release|Any CPU.ActiveCfg = Release|Any CPU
		{AB4E0909-0DF3-4368-9298-B6C1A1E14172}.Release|Any CPU.Build.0 = Release|Any CPU
		{42D80BD4-29F4-4E63-A12C-B22B6172F9F6}.Debug|Any CPU.ActiveCfg = Debug|Any CPU
		{42D80BD4-29F4-4E63-A12C-B22B6172F9F6}.Debug|Any CPU.Build.0 = Debug|Any CPU
		{42D80BD4-29F4-4E63-A12C-B22B6172F9F6}.Release|Any CPU.ActiveCfg = Release|Any CPU
		{42D80BD4-29F4-4E63-A12C-B22B6172F9F6}.Release|Any CPU.Build.0 = Release|Any CPU
		{25D38869-C68E-4009-B418-FDDF2E2D722B}.Debug|Any CPU.ActiveCfg = Debug|Any CPU
		{25D38869-C68E-4009-B418-FDDF2E2D722B}.Debug|Any CPU.Build.0 = Debug|Any CPU
		{25D38869-C68E-4009-B418-FDDF2E2D722B}.Release|Any CPU.ActiveCfg = Release|Any CPU
		{25D38869-C68E-4009-B418-FDDF2E2D722B}.Release|Any CPU.Build.0 = Release|Any CPU
		{689A2BA5-B387-4117-B908-114B28ADC080}.Debug|Any CPU.ActiveCfg = Debug|Any CPU
		{689A2BA5-B387-4117-B908-114B28ADC080}.Debug|Any CPU.Build.0 = Debug|Any CPU
		{689A2BA5-B387-4117-B908-114B28ADC080}.Release|Any CPU.ActiveCfg = Release|Any CPU
		{689A2BA5-B387-4117-B908-114B28ADC080}.Release|Any CPU.Build.0 = Release|Any CPU
		{FEBB79F7-1839-488D-87F6-D2FFF5FC6343}.Debug|Any CPU.ActiveCfg = Debug|Any CPU
		{FEBB79F7-1839-488D-87F6-D2FFF5FC6343}.Debug|Any CPU.Build.0 = Debug|Any CPU
		{FEBB79F7-1839-488D-87F6-D2FFF5FC6343}.Release|Any CPU.ActiveCfg = Release|Any CPU
		{FEBB79F7-1839-488D-87F6-D2FFF5FC6343}.Release|Any CPU.Build.0 = Release|Any CPU
		{1FA2E13D-B4D6-4186-8E37-31F3F51CD2E4}.Debug|Any CPU.ActiveCfg = Debug|Any CPU
		{1FA2E13D-B4D6-4186-8E37-31F3F51CD2E4}.Debug|Any CPU.Build.0 = Debug|Any CPU
		{1FA2E13D-B4D6-4186-8E37-31F3F51CD2E4}.Release|Any CPU.ActiveCfg = Release|Any CPU
		{1FA2E13D-B4D6-4186-8E37-31F3F51CD2E4}.Release|Any CPU.Build.0 = Release|Any CPU
		{DDE52619-843C-4692-8C95-87EC9647ECCA}.Debug|Any CPU.ActiveCfg = Debug|Any CPU
		{DDE52619-843C-4692-8C95-87EC9647ECCA}.Debug|Any CPU.Build.0 = Debug|Any CPU
		{DDE52619-843C-4692-8C95-87EC9647ECCA}.Release|Any CPU.ActiveCfg = Release|Any CPU
		{DDE52619-843C-4692-8C95-87EC9647ECCA}.Release|Any CPU.Build.0 = Release|Any CPU
		{E3F3EC33-01DB-4125-9386-A906BED50AE9}.Debug|Any CPU.ActiveCfg = Debug|Any CPU
		{E3F3EC33-01DB-4125-9386-A906BED50AE9}.Debug|Any CPU.Build.0 = Debug|Any CPU
		{E3F3EC33-01DB-4125-9386-A906BED50AE9}.Release|Any CPU.ActiveCfg = Release|Any CPU
		{E3F3EC33-01DB-4125-9386-A906BED50AE9}.Release|Any CPU.Build.0 = Release|Any CPU
		{30AE91A7-CF3D-4440-92BD-6F5239FB6680}.Debug|Any CPU.ActiveCfg = Debug|Any CPU
		{30AE91A7-CF3D-4440-92BD-6F5239FB6680}.Debug|Any CPU.Build.0 = Debug|Any CPU
		{30AE91A7-CF3D-4440-92BD-6F5239FB6680}.Release|Any CPU.ActiveCfg = Release|Any CPU
		{30AE91A7-CF3D-4440-92BD-6F5239FB6680}.Release|Any CPU.Build.0 = Release|Any CPU
		{4AD451F6-BC90-433A-A5E7-C276218AE39F}.Debug|Any CPU.ActiveCfg = Debug|Any CPU
		{4AD451F6-BC90-433A-A5E7-C276218AE39F}.Debug|Any CPU.Build.0 = Debug|Any CPU
		{4AD451F6-BC90-433A-A5E7-C276218AE39F}.Release|Any CPU.ActiveCfg = Release|Any CPU
		{4AD451F6-BC90-433A-A5E7-C276218AE39F}.Release|Any CPU.Build.0 = Release|Any CPU
		{54854D66-59EB-499B-828C-3AFD17F2E357}.Debug|Any CPU.ActiveCfg = Debug|Any CPU
		{54854D66-59EB-499B-828C-3AFD17F2E357}.Debug|Any CPU.Build.0 = Debug|Any CPU
		{54854D66-59EB-499B-828C-3AFD17F2E357}.Release|Any CPU.ActiveCfg = Release|Any CPU
		{54854D66-59EB-499B-828C-3AFD17F2E357}.Release|Any CPU.Build.0 = Release|Any CPU
		{3C14E220-D042-4987-8762-D999343E9008}.Debug|Any CPU.ActiveCfg = Debug|Any CPU
		{3C14E220-D042-4987-8762-D999343E9008}.Debug|Any CPU.Build.0 = Debug|Any CPU
		{3C14E220-D042-4987-8762-D999343E9008}.Release|Any CPU.ActiveCfg = Release|Any CPU
		{3C14E220-D042-4987-8762-D999343E9008}.Release|Any CPU.Build.0 = Release|Any CPU
		{3DC55B69-A5E7-4C34-9C4A-F2980E6EE54B}.Debug|Any CPU.ActiveCfg = Debug|Any CPU
		{3DC55B69-A5E7-4C34-9C4A-F2980E6EE54B}.Debug|Any CPU.Build.0 = Debug|Any CPU
		{3DC55B69-A5E7-4C34-9C4A-F2980E6EE54B}.Release|Any CPU.ActiveCfg = Release|Any CPU
		{3DC55B69-A5E7-4C34-9C4A-F2980E6EE54B}.Release|Any CPU.Build.0 = Release|Any CPU
	EndGlobalSection
	GlobalSection(SolutionProperties) = preSolution
		HideSolutionNode = FALSE
	EndGlobalSection
	GlobalSection(NestedProjects) = preSolution
		{AB4E0909-0DF3-4368-9298-B6C1A1E14172} = {C4601404-3933-41F4-906C-AD48E3B7D397}
		{42D80BD4-29F4-4E63-A12C-B22B6172F9F6} = {0658681D-E8AC-41FE-8EEC-C2BBD53EC6BE}
		{25D38869-C68E-4009-B418-FDDF2E2D722B} = {0658681D-E8AC-41FE-8EEC-C2BBD53EC6BE}
		{689A2BA5-B387-4117-B908-114B28ADC080} = {0658681D-E8AC-41FE-8EEC-C2BBD53EC6BE}
		{FEBB79F7-1839-488D-87F6-D2FFF5FC6343} = {7E43A94C-3999-4A8A-811F-FB72C0114A22}
		{1FA2E13D-B4D6-4186-8E37-31F3F51CD2E4} = {0658681D-E8AC-41FE-8EEC-C2BBD53EC6BE}
		{DDE52619-843C-4692-8C95-87EC9647ECCA} = {0658681D-E8AC-41FE-8EEC-C2BBD53EC6BE}
		{E3F3EC33-01DB-4125-9386-A906BED50AE9} = {0658681D-E8AC-41FE-8EEC-C2BBD53EC6BE}
		{4AD451F6-BC90-433A-A5E7-C276218AE39F} = {0658681D-E8AC-41FE-8EEC-C2BBD53EC6BE}
		{54854D66-59EB-499B-828C-3AFD17F2E357} = {5BF9F1FE-8E27-4DF5-9C1A-D5119D3E8293}
		{DBCB4864-4CE7-49D4-A8D2-E48601EEE187} = {5CBD8BED-587E-4698-A2CA-116D947841EF}
		{48ABE1AD-89BB-440A-9386-5B0275398EBD} = {DBCB4864-4CE7-49D4-A8D2-E48601EEE187}
		{C8B7C49D-419F-451D-9BB3-FC2B60185A57} = {DBCB4864-4CE7-49D4-A8D2-E48601EEE187}
		{3C14E220-D042-4987-8762-D999343E9008} = {C8B7C49D-419F-451D-9BB3-FC2B60185A57}
		{3DC55B69-A5E7-4C34-9C4A-F2980E6EE54B} = {48ABE1AD-89BB-440A-9386-5B0275398EBD}
	EndGlobalSection
	GlobalSection(ExtensibilityGlobals) = postSolution
		SolutionGuid = {6DECAE54-A20F-4D31-9FC3-348332CEFDD1}
	EndGlobalSection
EndGlobal
