{
  "requires": true,
  "lockfileVersion": 1,
  "dependencies": {
    "vue-select": {
      "version": "3.9.1",
      "resolved": "https://registry.npmjs.org/vue-select/-/vue-select-3.9.1.tgz",
      "integrity": "sha512-s6CUcX8O8fgi7ArOvF6Si80kKvImxqPOovTj77peiqMxsuZBGJey4w5/SUy1Hy9P0xU3xELWHkHvyetdQhhkqQ=="
    }
  }
}
